
Microsoft Visual Studio Solution File, Format Version 12.00
# Visual Studio Version 17
VisualStudioVersion = 17.9.34723.18
MinimumVisualStudioVersion = 10.0.40219.1
Project("{FAE04EC0-301F-11D3-BF4B-00C04F79EFBC}") = "Final_Project_ServerSide", "Final_Project_ServerSide\Final_Project_ServerSide.csproj", "{8578944C-5F9B-4FBD-9F94-894B6DD33ED3}"
EndProject
Global
	GlobalSection(SolutionConfigurationPlatforms) = preSolution
		Debug|Any CPU = Debug|Any CPU
		Release|Any CPU = Release|Any CPU
	EndGlobalSection
	GlobalSection(ProjectConfigurationPlatforms) = postSolution
		{8578944C-5F9B-4FBD-9F94-894B6DD33ED3}.Debug|Any CPU.ActiveCfg = Debug|Any CPU
		{8578944C-5F9B-4FBD-9F94-894B6DD33ED3}.Debug|Any CPU.Build.0 = Debug|Any CPU
		{8578944C-5F9B-4FBD-9F94-894B6DD33ED3}.Release|Any CPU.ActiveCfg = Release|Any CPU
		{8578944C-5F9B-4FBD-9F94-894B6DD33ED3}.Release|Any CPU.Build.0 = Release|Any CPU
	EndGlobalSection
	GlobalSection(SolutionProperties) = preSolution
		HideSolutionNode = FALSE
	EndGlobalSection
	GlobalSection(ExtensibilityGlobals) = postSolution
		SolutionGuid = {8E89AD21-2624-4BD1-89F9-B8236DF4355F}
	EndGlobalSection
EndGlobal
