
Microsoft Visual Studio Solution File, Format Version 12.00
# Visual Studio Version 17
VisualStudioVersion = 17.9.34723.18
MinimumVisualStudioVersion = 10.0.40219.1
Project("{FAE04EC0-301F-11D3-BF4B-00C04F79EFBC}") = "To-Dooey-Console", "To-Dooey-Console\To-Dooey-Console.csproj", "{CABF3387-AEDE-4CAE-AC54-64F7C741481B}"
EndProject
Global
	GlobalSection(SolutionConfigurationPlatforms) = preSolution
		Debug|Any CPU = Debug|Any CPU
		Release|Any CPU = Release|Any CPU
	EndGlobalSection
	GlobalSection(ProjectConfigurationPlatforms) = postSolution
		{CABF3387-AEDE-4CAE-AC54-64F7C741481B}.Debug|Any CPU.ActiveCfg = Debug|Any CPU
		{CABF3387-AEDE-4CAE-AC54-64F7C741481B}.Debug|Any CPU.Build.0 = Debug|Any CPU
		{CABF3387-AEDE-4CAE-AC54-64F7C741481B}.Release|Any CPU.ActiveCfg = Release|Any CPU
		{CABF3387-AEDE-4CAE-AC54-64F7C741481B}.Release|Any CPU.Build.0 = Release|Any CPU
	EndGlobalSection
	GlobalSection(SolutionProperties) = preSolution
		HideSolutionNode = FALSE
	EndGlobalSection
	GlobalSection(ExtensibilityGlobals) = postSolution
		SolutionGuid = {BC85F0BA-1E4A-4D5E-9B1B-B418C47E9E55}
	EndGlobalSection
EndGlobal
